
Microsoft Visual Studio Solution File, Format Version 12.00
# Visual Studio 15
VisualStudioVersion = 15.0.27130.2010
MinimumVisualStudioVersion = 10.0.40219.1
Project("{FAE04EC0-301F-11D3-BF4B-00C04F79EFBC}") = "MyScriptureJournal-JT-Emerson", "MyScriptureJournal-JT-Emerson\MyScriptureJournal-JT-Emerson.csproj", "{4F191BF3-EDC7-45FA-87DA-7CB2A2B1131A}"
EndProject
Global
	GlobalSection(SolutionConfigurationPlatforms) = preSolution
		Debug|Any CPU = Debug|Any CPU
		Release|Any CPU = Release|Any CPU
	EndGlobalSection
	GlobalSection(ProjectConfigurationPlatforms) = postSolution
		{4F191BF3-EDC7-45FA-87DA-7CB2A2B1131A}.Debug|Any CPU.ActiveCfg = Debug|Any CPU
		{4F191BF3-EDC7-45FA-87DA-7CB2A2B1131A}.Debug|Any CPU.Build.0 = Debug|Any CPU
		{4F191BF3-EDC7-45FA-87DA-7CB2A2B1131A}.Release|Any CPU.ActiveCfg = Release|Any CPU
		{4F191BF3-EDC7-45FA-87DA-7CB2A2B1131A}.Release|Any CPU.Build.0 = Release|Any CPU
	EndGlobalSection
	GlobalSection(SolutionProperties) = preSolution
		HideSolutionNode = FALSE
	EndGlobalSection
	GlobalSection(ExtensibilityGlobals) = postSolution
		SolutionGuid = {002D4DAF-6125-4E1F-901B-BE399C3188A0}
	EndGlobalSection
EndGlobal
