
Microsoft Visual Studio Solution File, Format Version 12.00
# Visual Studio 15
VisualStudioVersion = 15.0.27130.2010
MinimumVisualStudioVersion = 10.0.40219.1
Project("{FAE04EC0-301F-11D3-BF4B-00C04F79EFBC}") = "MegaDeskTeamWebPages", "MegaDeskTeamWebPages\MegaDeskTeamWebPages.csproj", "{0136EC52-8ABD-4D17-8864-D05345C6A74B}"
EndProject
Global
	GlobalSection(SolutionConfigurationPlatforms) = preSolution
		Debug|Any CPU = Debug|Any CPU
		Release|Any CPU = Release|Any CPU
	EndGlobalSection
	GlobalSection(ProjectConfigurationPlatforms) = postSolution
		{0136EC52-8ABD-4D17-8864-D05345C6A74B}.Debug|Any CPU.ActiveCfg = Debug|Any CPU
		{0136EC52-8ABD-4D17-8864-D05345C6A74B}.Debug|Any CPU.Build.0 = Debug|Any CPU
		{0136EC52-8ABD-4D17-8864-D05345C6A74B}.Release|Any CPU.ActiveCfg = Release|Any CPU
		{0136EC52-8ABD-4D17-8864-D05345C6A74B}.Release|Any CPU.Build.0 = Release|Any CPU
	EndGlobalSection
	GlobalSection(SolutionProperties) = preSolution
		HideSolutionNode = FALSE
	EndGlobalSection
	GlobalSection(ExtensibilityGlobals) = postSolution
		SolutionGuid = {B480AC75-8085-4850-A45C-2B25D5CB0CE5}
	EndGlobalSection
EndGlobal
