
Microsoft Visual Studio Solution File, Format Version 12.00
# Visual Studio 15
VisualStudioVersion = 15.0.27428.2015
MinimumVisualStudioVersion = 10.0.40219.1
Project("{FAE04EC0-301F-11D3-BF4B-00C04F79EFBC}") = "SacramentMeetingPlanner", "SacramentMeetingPlanner\SacramentMeetingPlanner.csproj", "{5F3554EA-8ACC-4325-AAB8-66A3B0909172}"
EndProject
Global
	GlobalSection(SolutionConfigurationPlatforms) = preSolution
		Debug|Any CPU = Debug|Any CPU
		Release|Any CPU = Release|Any CPU
	EndGlobalSection
	GlobalSection(ProjectConfigurationPlatforms) = postSolution
		{5F3554EA-8ACC-4325-AAB8-66A3B0909172}.Debug|Any CPU.ActiveCfg = Debug|Any CPU
		{5F3554EA-8ACC-4325-AAB8-66A3B0909172}.Debug|Any CPU.Build.0 = Debug|Any CPU
		{5F3554EA-8ACC-4325-AAB8-66A3B0909172}.Release|Any CPU.ActiveCfg = Release|Any CPU
		{5F3554EA-8ACC-4325-AAB8-66A3B0909172}.Release|Any CPU.Build.0 = Release|Any CPU
	EndGlobalSection
	GlobalSection(SolutionProperties) = preSolution
		HideSolutionNode = FALSE
	EndGlobalSection
	GlobalSection(ExtensibilityGlobals) = postSolution
		SolutionGuid = {2C0B7A7E-5434-4954-BD2D-6A080CD5FCC8}
	EndGlobalSection
EndGlobal
